
Microsoft Visual Studio Solution File, Format Version 12.00
# Visual Studio Version 16
VisualStudioVersion = 16.0.30523.141
MinimumVisualStudioVersion = 10.0.40219.1
Project("{FAE04EC0-301F-11D3-BF4B-00C04F79EFBC}") = "Task_8_variant_1", "Task_8_variant_1\Task_8_variant_1.csproj", "{5EEB05C7-7335-4C0F-93F4-29A93634586A}"
EndProject
Global
	GlobalSection(SolutionConfigurationPlatforms) = preSolution
		Debug|Any CPU = Debug|Any CPU
		Release|Any CPU = Release|Any CPU
	EndGlobalSection
	GlobalSection(ProjectConfigurationPlatforms) = postSolution
		{5EEB05C7-7335-4C0F-93F4-29A93634586A}.Debug|Any CPU.ActiveCfg = Debug|Any CPU
		{5EEB05C7-7335-4C0F-93F4-29A93634586A}.Debug|Any CPU.Build.0 = Debug|Any CPU
		{5EEB05C7-7335-4C0F-93F4-29A93634586A}.Release|Any CPU.ActiveCfg = Release|Any CPU
		{5EEB05C7-7335-4C0F-93F4-29A93634586A}.Release|Any CPU.Build.0 = Release|Any CPU
	EndGlobalSection
	GlobalSection(SolutionProperties) = preSolution
		HideSolutionNode = FALSE
	EndGlobalSection
	GlobalSection(ExtensibilityGlobals) = postSolution
		SolutionGuid = {E8B17EF2-C996-45F8-8706-44DF0C449081}
	EndGlobalSection
EndGlobal
